
Microsoft Visual Studio Solution File, Format Version 12.00
# Visual Studio 15
VisualStudioVersion = 15.0.28307.421
MinimumVisualStudioVersion = 10.0.40219.1
Project("{9A19103F-16F7-4668-BE54-9A1E7A4F7556}") = "P01_HospitalDatabase", "Hospital Database\P01_HospitalDatabase.csproj", "{19B79D21-6A5F-40F6-9553-730930ED770A}"
EndProject
Project("{FAE04EC0-301F-11D3-BF4B-00C04F79EFBC}") = "P01_HospitalDatabase.Data", "P01_HospitalDatabase.Data\P01_HospitalDatabase.Data.csproj", "{1555A1E3-CF21-4C0E-BBE7-E9F7D9CB22C9}"
EndProject
Project("{FAE04EC0-301F-11D3-BF4B-00C04F79EFBC}") = "P01_HospitalDatabase.Data.Models", "P01_HospitalDatabase.Data.Models\P01_HospitalDatabase.Data.Models.csproj", "{79316B56-DA28-4520-833F-9EBBE3CAD8B1}"
EndProject
Project("{FAE04EC0-301F-11D3-BF4B-00C04F79EFBC}") = "P03_SalesDatabase", "P03_SalesDatabase\P03_SalesDatabase.csproj", "{2069BC94-3AEC-4D43-BC32-14B0A791759F}"
EndProject
Project("{FAE04EC0-301F-11D3-BF4B-00C04F79EFBC}") = "P03_SalesDatabase.Data", "P03_SalesDatabase.Data\P03_SalesDatabase.Data.csproj", "{62C57CAF-A4FA-4AE2-B967-5C067340BF9A}"
EndProject
Project("{FAE04EC0-301F-11D3-BF4B-00C04F79EFBC}") = "P03_SalesDatabase.Data.Models", "P03_SalesDatabase.Data.Models\P03_SalesDatabase.Data.Models.csproj", "{7E893D23-B982-4AAA-B92D-2F92B24F0BD0}"
EndProject
Global
	GlobalSection(SolutionConfigurationPlatforms) = preSolution
		Debug|Any CPU = Debug|Any CPU
		Release|Any CPU = Release|Any CPU
	EndGlobalSection
	GlobalSection(ProjectConfigurationPlatforms) = postSolution
		{19B79D21-6A5F-40F6-9553-730930ED770A}.Debug|Any CPU.ActiveCfg = Debug|Any CPU
		{19B79D21-6A5F-40F6-9553-730930ED770A}.Debug|Any CPU.Build.0 = Debug|Any CPU
		{19B79D21-6A5F-40F6-9553-730930ED770A}.Release|Any CPU.ActiveCfg = Release|Any CPU
		{19B79D21-6A5F-40F6-9553-730930ED770A}.Release|Any CPU.Build.0 = Release|Any CPU
		{1555A1E3-CF21-4C0E-BBE7-E9F7D9CB22C9}.Debug|Any CPU.ActiveCfg = Debug|Any CPU
		{1555A1E3-CF21-4C0E-BBE7-E9F7D9CB22C9}.Debug|Any CPU.Build.0 = Debug|Any CPU
		{1555A1E3-CF21-4C0E-BBE7-E9F7D9CB22C9}.Release|Any CPU.ActiveCfg = Release|Any CPU
		{1555A1E3-CF21-4C0E-BBE7-E9F7D9CB22C9}.Release|Any CPU.Build.0 = Release|Any CPU
		{79316B56-DA28-4520-833F-9EBBE3CAD8B1}.Debug|Any CPU.ActiveCfg = Debug|Any CPU
		{79316B56-DA28-4520-833F-9EBBE3CAD8B1}.Debug|Any CPU.Build.0 = Debug|Any CPU
		{79316B56-DA28-4520-833F-9EBBE3CAD8B1}.Release|Any CPU.ActiveCfg = Release|Any CPU
		{79316B56-DA28-4520-833F-9EBBE3CAD8B1}.Release|Any CPU.Build.0 = Release|Any CPU
		{2069BC94-3AEC-4D43-BC32-14B0A791759F}.Debug|Any CPU.ActiveCfg = Debug|Any CPU
		{2069BC94-3AEC-4D43-BC32-14B0A791759F}.Debug|Any CPU.Build.0 = Debug|Any CPU
		{2069BC94-3AEC-4D43-BC32-14B0A791759F}.Release|Any CPU.ActiveCfg = Release|Any CPU
		{2069BC94-3AEC-4D43-BC32-14B0A791759F}.Release|Any CPU.Build.0 = Release|Any CPU
		{62C57CAF-A4FA-4AE2-B967-5C067340BF9A}.Debug|Any CPU.ActiveCfg = Debug|Any CPU
		{62C57CAF-A4FA-4AE2-B967-5C067340BF9A}.Debug|Any CPU.Build.0 = Debug|Any CPU
		{62C57CAF-A4FA-4AE2-B967-5C067340BF9A}.Release|Any CPU.ActiveCfg = Release|Any CPU
		{62C57CAF-A4FA-4AE2-B967-5C067340BF9A}.Release|Any CPU.Build.0 = Release|Any CPU
		{7E893D23-B982-4AAA-B92D-2F92B24F0BD0}.Debug|Any CPU.ActiveCfg = Debug|Any CPU
		{7E893D23-B982-4AAA-B92D-2F92B24F0BD0}.Debug|Any CPU.Build.0 = Debug|Any CPU
		{7E893D23-B982-4AAA-B92D-2F92B24F0BD0}.Release|Any CPU.ActiveCfg = Release|Any CPU
		{7E893D23-B982-4AAA-B92D-2F92B24F0BD0}.Release|Any CPU.Build.0 = Release|Any CPU
	EndGlobalSection
	GlobalSection(SolutionProperties) = preSolution
		HideSolutionNode = FALSE
	EndGlobalSection
	GlobalSection(ExtensibilityGlobals) = postSolution
		SolutionGuid = {2706E3F8-6152-485A-B9B8-D9909E7FBE8B}
	EndGlobalSection
EndGlobal
