
Microsoft Visual Studio Solution File, Format Version 12.00
# Visual Studio 15
VisualStudioVersion = 15.0.28307.489
MinimumVisualStudioVersion = 10.0.40219.1
Project("{FAE04EC0-301F-11D3-BF4B-00C04F79EFBC}") = "BillsPaymentSystem.App", "BillsPaymentSystem.App\BillsPaymentSystem.App.csproj", "{DB430220-4258-41BD-A143-6FC833BBA47E}"
EndProject
Project("{FAE04EC0-301F-11D3-BF4B-00C04F79EFBC}") = "BillsPaymentSystem.Data", "BillsPaymentSystem.Data\BillsPaymentSystem.Data.csproj", "{4FE246F1-5B1A-4A26-ACC1-1BE4FC00199C}"
EndProject
Project("{FAE04EC0-301F-11D3-BF4B-00C04F79EFBC}") = "BillsPaymentSystem.Models", "BillsPaymentSystem.Models\BillsPaymentSystem.Models.csproj", "{0444C4A5-3587-486B-985F-E9224030E533}"
EndProject
Global
	GlobalSection(SolutionConfigurationPlatforms) = preSolution
		Debug|Any CPU = Debug|Any CPU
		Release|Any CPU = Release|Any CPU
	EndGlobalSection
	GlobalSection(ProjectConfigurationPlatforms) = postSolution
		{DB430220-4258-41BD-A143-6FC833BBA47E}.Debug|Any CPU.ActiveCfg = Debug|Any CPU
		{DB430220-4258-41BD-A143-6FC833BBA47E}.Debug|Any CPU.Build.0 = Debug|Any CPU
		{DB430220-4258-41BD-A143-6FC833BBA47E}.Release|Any CPU.ActiveCfg = Release|Any CPU
		{DB430220-4258-41BD-A143-6FC833BBA47E}.Release|Any CPU.Build.0 = Release|Any CPU
		{4FE246F1-5B1A-4A26-ACC1-1BE4FC00199C}.Debug|Any CPU.ActiveCfg = Debug|Any CPU
		{4FE246F1-5B1A-4A26-ACC1-1BE4FC00199C}.Debug|Any CPU.Build.0 = Debug|Any CPU
		{4FE246F1-5B1A-4A26-ACC1-1BE4FC00199C}.Release|Any CPU.ActiveCfg = Release|Any CPU
		{4FE246F1-5B1A-4A26-ACC1-1BE4FC00199C}.Release|Any CPU.Build.0 = Release|Any CPU
		{0444C4A5-3587-486B-985F-E9224030E533}.Debug|Any CPU.ActiveCfg = Debug|Any CPU
		{0444C4A5-3587-486B-985F-E9224030E533}.Debug|Any CPU.Build.0 = Debug|Any CPU
		{0444C4A5-3587-486B-985F-E9224030E533}.Release|Any CPU.ActiveCfg = Release|Any CPU
		{0444C4A5-3587-486B-985F-E9224030E533}.Release|Any CPU.Build.0 = Release|Any CPU
	EndGlobalSection
	GlobalSection(SolutionProperties) = preSolution
		HideSolutionNode = FALSE
	EndGlobalSection
	GlobalSection(ExtensibilityGlobals) = postSolution
		SolutionGuid = {8000A8F8-D86D-4324-B0FE-5B43C3192C30}
	EndGlobalSection
EndGlobal
