
Microsoft Visual Studio Solution File, Format Version 12.00
# Visual Studio 15
VisualStudioVersion = 15.0.28307.329
MinimumVisualStudioVersion = 10.0.40219.1
Project("{9A19103F-16F7-4668-BE54-9A1E7A4F7556}") = "Initial Setup", "Initial Setup\Initial Setup.csproj", "{709822E1-5CDE-483D-9DA5-0A812D142217}"
EndProject
Project("{9A19103F-16F7-4668-BE54-9A1E7A4F7556}") = "Villain Names", "Villain Names\Villain Names.csproj", "{477F8F41-DF7C-40AB-AD59-9F1144BBA091}"
EndProject
Project("{9A19103F-16F7-4668-BE54-9A1E7A4F7556}") = "Minion Names", "Minion Names\Minion Names.csproj", "{783544AF-51B0-4A96-8092-FC0F198FDF62}"
EndProject
Project("{9A19103F-16F7-4668-BE54-9A1E7A4F7556}") = "Add Minion", "Add Minion\Add Minion.csproj", "{BD68B0BB-70DE-4B95-872C-A68D7EA1BD66}"
EndProject
Project("{9A19103F-16F7-4668-BE54-9A1E7A4F7556}") = "ChangeTownNamesCasing", "ChangeTownNamesCasing\ChangeTownNamesCasing.csproj", "{DAA16ED2-0902-4C81-87D3-4D0FF839A4E7}"
EndProject
Project("{9A19103F-16F7-4668-BE54-9A1E7A4F7556}") = "Remove Villain", "Remove Villain\Remove Villain.csproj", "{16FD0EBB-E661-4184-96D1-DD2F9B627DA6}"
EndProject
Project("{FAE04EC0-301F-11D3-BF4B-00C04F79EFBC}") = "Print All Minion Name", "Print All Minion Projects\Print All Minion Name.csproj", "{97A002BE-73BB-46A5-9FDA-FFF7F0EA6C26}"
EndProject
Project("{FAE04EC0-301F-11D3-BF4B-00C04F79EFBC}") = "Increase Minion Age", "Increase Minion Age\Increase Minion Age.csproj", "{9859CB65-7992-4B2C-85BE-1D21E24B591D}"
EndProject
Project("{FAE04EC0-301F-11D3-BF4B-00C04F79EFBC}") = "IncreaseAgeStoredProcedur", "IncreaseAgeStoredProcedur\IncreaseAgeStoredProcedur.csproj", "{2D883AFC-C5A6-41D4-AF32-5259DB2F238E}"
EndProject
Global
	GlobalSection(SolutionConfigurationPlatforms) = preSolution
		Debug|Any CPU = Debug|Any CPU
		Release|Any CPU = Release|Any CPU
	EndGlobalSection
	GlobalSection(ProjectConfigurationPlatforms) = postSolution
		{709822E1-5CDE-483D-9DA5-0A812D142217}.Debug|Any CPU.ActiveCfg = Debug|Any CPU
		{709822E1-5CDE-483D-9DA5-0A812D142217}.Debug|Any CPU.Build.0 = Debug|Any CPU
		{709822E1-5CDE-483D-9DA5-0A812D142217}.Release|Any CPU.ActiveCfg = Release|Any CPU
		{709822E1-5CDE-483D-9DA5-0A812D142217}.Release|Any CPU.Build.0 = Release|Any CPU
		{477F8F41-DF7C-40AB-AD59-9F1144BBA091}.Debug|Any CPU.ActiveCfg = Debug|Any CPU
		{477F8F41-DF7C-40AB-AD59-9F1144BBA091}.Debug|Any CPU.Build.0 = Debug|Any CPU
		{477F8F41-DF7C-40AB-AD59-9F1144BBA091}.Release|Any CPU.ActiveCfg = Release|Any CPU
		{477F8F41-DF7C-40AB-AD59-9F1144BBA091}.Release|Any CPU.Build.0 = Release|Any CPU
		{783544AF-51B0-4A96-8092-FC0F198FDF62}.Debug|Any CPU.ActiveCfg = Debug|Any CPU
		{783544AF-51B0-4A96-8092-FC0F198FDF62}.Debug|Any CPU.Build.0 = Debug|Any CPU
		{783544AF-51B0-4A96-8092-FC0F198FDF62}.Release|Any CPU.ActiveCfg = Release|Any CPU
		{783544AF-51B0-4A96-8092-FC0F198FDF62}.Release|Any CPU.Build.0 = Release|Any CPU
		{BD68B0BB-70DE-4B95-872C-A68D7EA1BD66}.Debug|Any CPU.ActiveCfg = Debug|Any CPU
		{BD68B0BB-70DE-4B95-872C-A68D7EA1BD66}.Debug|Any CPU.Build.0 = Debug|Any CPU
		{BD68B0BB-70DE-4B95-872C-A68D7EA1BD66}.Release|Any CPU.ActiveCfg = Release|Any CPU
		{BD68B0BB-70DE-4B95-872C-A68D7EA1BD66}.Release|Any CPU.Build.0 = Release|Any CPU
		{DAA16ED2-0902-4C81-87D3-4D0FF839A4E7}.Debug|Any CPU.ActiveCfg = Debug|Any CPU
		{DAA16ED2-0902-4C81-87D3-4D0FF839A4E7}.Debug|Any CPU.Build.0 = Debug|Any CPU
		{DAA16ED2-0902-4C81-87D3-4D0FF839A4E7}.Release|Any CPU.ActiveCfg = Release|Any CPU
		{DAA16ED2-0902-4C81-87D3-4D0FF839A4E7}.Release|Any CPU.Build.0 = Release|Any CPU
		{16FD0EBB-E661-4184-96D1-DD2F9B627DA6}.Debug|Any CPU.ActiveCfg = Debug|Any CPU
		{16FD0EBB-E661-4184-96D1-DD2F9B627DA6}.Debug|Any CPU.Build.0 = Debug|Any CPU
		{16FD0EBB-E661-4184-96D1-DD2F9B627DA6}.Release|Any CPU.ActiveCfg = Release|Any CPU
		{16FD0EBB-E661-4184-96D1-DD2F9B627DA6}.Release|Any CPU.Build.0 = Release|Any CPU
		{97A002BE-73BB-46A5-9FDA-FFF7F0EA6C26}.Debug|Any CPU.ActiveCfg = Debug|Any CPU
		{97A002BE-73BB-46A5-9FDA-FFF7F0EA6C26}.Debug|Any CPU.Build.0 = Debug|Any CPU
		{97A002BE-73BB-46A5-9FDA-FFF7F0EA6C26}.Release|Any CPU.ActiveCfg = Release|Any CPU
		{97A002BE-73BB-46A5-9FDA-FFF7F0EA6C26}.Release|Any CPU.Build.0 = Release|Any CPU
		{9859CB65-7992-4B2C-85BE-1D21E24B591D}.Debug|Any CPU.ActiveCfg = Debug|Any CPU
		{9859CB65-7992-4B2C-85BE-1D21E24B591D}.Debug|Any CPU.Build.0 = Debug|Any CPU
		{9859CB65-7992-4B2C-85BE-1D21E24B591D}.Release|Any CPU.ActiveCfg = Release|Any CPU
		{9859CB65-7992-4B2C-85BE-1D21E24B591D}.Release|Any CPU.Build.0 = Release|Any CPU
		{2D883AFC-C5A6-41D4-AF32-5259DB2F238E}.Debug|Any CPU.ActiveCfg = Debug|Any CPU
		{2D883AFC-C5A6-41D4-AF32-5259DB2F238E}.Debug|Any CPU.Build.0 = Debug|Any CPU
		{2D883AFC-C5A6-41D4-AF32-5259DB2F238E}.Release|Any CPU.ActiveCfg = Release|Any CPU
		{2D883AFC-C5A6-41D4-AF32-5259DB2F238E}.Release|Any CPU.Build.0 = Release|Any CPU
	EndGlobalSection
	GlobalSection(SolutionProperties) = preSolution
		HideSolutionNode = FALSE
	EndGlobalSection
	GlobalSection(ExtensibilityGlobals) = postSolution
		SolutionGuid = {0A38EBF9-D7DF-4AF3-8FCD-E42CD6F72D0B}
	EndGlobalSection
EndGlobal
